// !$*UTF8*$!
{
	archiveVersion = 1;
	classes = {
	};
	objectVersion = 77;
	objects = {

/* Begin PBXBuildFile section */
		B678F5372CD1180E00F1D7AC /* Alamofire in Frameworks */ = {isa = PBXBuildFile; productRef = B678F5362CD1180E00F1D7AC /* Alamofire */; };
		B678F5392CD1180E00F1D7AC /* AlamofireDynamic in Frameworks */ = {isa = PBXBuildFile; productRef = B678F5382CD1180E00F1D7AC /* AlamofireDynamic */; };
		B678F53C2CD1181A00F1D7AC /* Kingfisher in Frameworks */ = {isa = PBXBuildFile; productRef = B678F53B2CD1181A00F1D7AC /* Kingfisher */; };
		B678F53F2CD1182000F1D7AC /* SnapKit in Frameworks */ = {isa = PBXBuildFile; productRef = B678F53E2CD1182000F1D7AC /* SnapKit */; };
		B678F5412CD1182000F1D7AC /* SnapKit-Dynamic in Frameworks */ = {isa = PBXBuildFile; productRef = B678F5402CD1182000F1D7AC /* SnapKit-Dynamic */; };
		B678F5442CD1183400F1D7AC /* RxCocoa in Frameworks */ = {isa = PBXBuildFile; productRef = B678F5432CD1183400F1D7AC /* RxCocoa */; };
		B678F5462CD1183400F1D7AC /* RxRelay in Frameworks */ = {isa = PBXBuildFile; productRef = B678F5452CD1183400F1D7AC /* RxRelay */; };
		B678F5482CD1183400F1D7AC /* RxSwift in Frameworks */ = {isa = PBXBuildFile; productRef = B678F5472CD1183400F1D7AC /* RxSwift */; };
/* End PBXBuildFile section */

/* Begin PBXFileReference section */
		B678F48F2CCCDD9200F1D7AC /* StudyBook.app */ = {isa = PBXFileReference; explicitFileType = wrapper.application; includeInIndex = 0; path = StudyBook.app; sourceTree = BUILT_PRODUCTS_DIR; };
/* End PBXFileReference section */

/* Begin PBXFileSystemSynchronizedBuildFileExceptionSet section */
		B678F4A12CCCDD9300F1D7AC /* Exceptions for "StudyBook" folder in "StudyBook" target */ = {
			isa = PBXFileSystemSynchronizedBuildFileExceptionSet;
			membershipExceptions = (
				Info.plist,
			);
			target = B678F48E2CCCDD9200F1D7AC /* StudyBook */;
		};
/* End PBXFileSystemSynchronizedBuildFileExceptionSet section */

/* Begin PBXFileSystemSynchronizedRootGroup section */
		B678F4912CCCDD9200F1D7AC /* StudyBook */ = {
			isa = PBXFileSystemSynchronizedRootGroup;
			exceptions = (
				B678F4A12CCCDD9300F1D7AC /* Exceptions for "StudyBook" folder in "StudyBook" target */,
			);
			path = StudyBook;
			sourceTree = "<group>";
		};
/* End PBXFileSystemSynchronizedRootGroup section */

/* Begin PBXFrameworksBuildPhase section */
		B678F48C2CCCDD9200F1D7AC /* Frameworks */ = {
			isa = PBXFrameworksBuildPhase;
			buildActionMask = 2147483647;
			files = (
				B678F5442CD1183400F1D7AC /* RxCocoa in Frameworks */,
				B678F5412CD1182000F1D7AC /* SnapKit-Dynamic in Frameworks */,
				B678F5462CD1183400F1D7AC /* RxRelay in Frameworks */,
				B678F53C2CD1181A00F1D7AC /* Kingfisher in Frameworks */,
				B678F53F2CD1182000F1D7AC /* SnapKit in Frameworks */,
				B678F5372CD1180E00F1D7AC /* Alamofire in Frameworks */,
				B678F5482CD1183400F1D7AC /* RxSwift in Frameworks */,
				B678F5392CD1180E00F1D7AC /* AlamofireDynamic in Frameworks */,
			);
			runOnlyForDeploymentPostprocessing = 0;
		};
/* End PBXFrameworksBuildPhase section */

/* Begin PBXGroup section */
		B678F4862CCCDD9200F1D7AC = {
			isa = PBXGroup;
			children = (
				B678F4912CCCDD9200F1D7AC /* StudyBook */,
				B678F4902CCCDD9200F1D7AC /* Products */,
			);
			sourceTree = "<group>";
		};
		B678F4902CCCDD9200F1D7AC /* Products */ = {
			isa = PBXGroup;
			children = (
				B678F48F2CCCDD9200F1D7AC /* StudyBook.app */,
			);
			name = Products;
			sourceTree = "<group>";
		};
/* End PBXGroup section */

/* Begin PBXNativeTarget section */
		B678F48E2CCCDD9200F1D7AC /* StudyBook */ = {
			isa = PBXNativeTarget;
			buildConfigurationList = B678F4A22CCCDD9300F1D7AC /* Build configuration list for PBXNativeTarget "StudyBook" */;
			buildPhases = (
				B678F48B2CCCDD9200F1D7AC /* Sources */,
				B678F48C2CCCDD9200F1D7AC /* Frameworks */,
				B678F48D2CCCDD9200F1D7AC /* Resources */,
			);
			buildRules = (
			);
			dependencies = (
			);
			fileSystemSynchronizedGroups = (
				B678F4912CCCDD9200F1D7AC /* StudyBook */,
			);
			name = StudyBook;
			packageProductDependencies = (
				B678F5362CD1180E00F1D7AC /* Alamofire */,
				B678F5382CD1180E00F1D7AC /* AlamofireDynamic */,
				B678F53B2CD1181A00F1D7AC /* Kingfisher */,
				B678F53E2CD1182000F1D7AC /* SnapKit */,
				B678F5402CD1182000F1D7AC /* SnapKit-Dynamic */,
				B678F5432CD1183400F1D7AC /* RxCocoa */,
				B678F5452CD1183400F1D7AC /* RxRelay */,
				B678F5472CD1183400F1D7AC /* RxSwift */,
			);
			productName = StudyBook;
			productReference = B678F48F2CCCDD9200F1D7AC /* StudyBook.app */;
			productType = "com.apple.product-type.application";
		};
/* End PBXNativeTarget section */

/* Begin PBXProject section */
		B678F4872CCCDD9200F1D7AC /* Project object */ = {
			isa = PBXProject;
			attributes = {
				BuildIndependentTargetsInParallel = 1;
				LastSwiftUpdateCheck = 1600;
				LastUpgradeCheck = 1600;
				TargetAttributes = {
					B678F48E2CCCDD9200F1D7AC = {
						CreatedOnToolsVersion = 16.0;
					};
				};
			};
			buildConfigurationList = B678F48A2CCCDD9200F1D7AC /* Build configuration list for PBXProject "StudyBook" */;
			developmentRegion = en;
			hasScannedForEncodings = 0;
			knownRegions = (
				en,
				Base,
			);
			mainGroup = B678F4862CCCDD9200F1D7AC;
			minimizedProjectReferenceProxies = 1;
			packageReferences = (
				B678F5352CD1180E00F1D7AC /* XCRemoteSwiftPackageReference "Alamofire" */,
				B678F53A2CD1181A00F1D7AC /* XCRemoteSwiftPackageReference "Kingfisher" */,
				B678F53D2CD1182000F1D7AC /* XCRemoteSwiftPackageReference "SnapKit" */,
				B678F5422CD1183400F1D7AC /* XCRemoteSwiftPackageReference "RxSwift" */,
			);
			preferredProjectObjectVersion = 77;
			productRefGroup = B678F4902CCCDD9200F1D7AC /* Products */;
			projectDirPath = "";
			projectRoot = "";
			targets = (
				B678F48E2CCCDD9200F1D7AC /* StudyBook */,
			);
		};
/* End PBXProject section */

/* Begin PBXResourcesBuildPhase section */
		B678F48D2CCCDD9200F1D7AC /* Resources */ = {
			isa = PBXResourcesBuildPhase;
			buildActionMask = 2147483647;
			files = (
			);
			runOnlyForDeploymentPostprocessing = 0;
		};
/* End PBXResourcesBuildPhase section */

/* Begin PBXSourcesBuildPhase section */
		B678F48B2CCCDD9200F1D7AC /* Sources */ = {
			isa = PBXSourcesBuildPhase;
			buildActionMask = 2147483647;
			files = (
			);
			runOnlyForDeploymentPostprocessing = 0;
		};
/* End PBXSourcesBuildPhase section */

/* Begin XCBuildConfiguration section */
		B678F4A32CCCDD9300F1D7AC /* Debug */ = {
			isa = XCBuildConfiguration;
			buildSettings = {
				ASSETCATALOG_COMPILER_APPICON_NAME = AppIcon;
				ASSETCATALOG_COMPILER_GLOBAL_ACCENT_COLOR_NAME = AccentColor;
				CODE_SIGN_STYLE = Automatic;
				CURRENT_PROJECT_VERSION = 1;
				DEVELOPMENT_TEAM = FWGZZW9F5T;
				GENERATE_INFOPLIST_FILE = YES;
				INFOPLIST_FILE = StudyBook/Info.plist;
				INFOPLIST_KEY_UIApplicationSupportsIndirectInputEvents = YES;
				INFOPLIST_KEY_UILaunchStoryboardName = LaunchScreen;
				INFOPLIST_KEY_UIMainStoryboardFile = Main;
				INFOPLIST_KEY_UISupportedInterfaceOrientations_iPad = "UIInterfaceOrientationPortrait UIInterfaceOrientationPortraitUpsideDown UIInterfaceOrientationLandscapeLeft UIInterfaceOrientationLandscapeRight";
				INFOPLIST_KEY_UISupportedInterfaceOrientations_iPhone = "UIInterfaceOrientationPortrait UIInterfaceOrientationLandscapeLeft UIInterfaceOrientationLandscapeRight";
				LD_RUNPATH_SEARCH_PATHS = (
					"$(inherited)",
					"@executable_path/Frameworks",
				);
				MARKETING_VERSION = 1.0;
				PRODUCT_BUNDLE_IDENTIFIER = kr.co.geonhui.StudyBook;
				PRODUCT_NAME = "$(TARGET_NAME)";
				SWIFT_EMIT_LOC_STRINGS = YES;
				SWIFT_VERSION = 5.0;
				TARGETED_DEVICE_FAMILY = "1,2";
			};
			name = Debug;
		};
		B678F4A42CCCDD9300F1D7AC /* Release */ = {
			isa = XCBuildConfiguration;
			buildSettings = {
				ASSETCATALOG_COMPILER_APPICON_NAME = AppIcon;
				ASSETCATALOG_COMPILER_GLOBAL_ACCENT_COLOR_NAME = AccentColor;
				CODE_SIGN_STYLE = Automatic;
				CURRENT_PROJECT_VERSION = 1;
				DEVELOPMENT_TEAM = FWGZZW9F5T;
				GENERATE_INFOPLIST_FILE = YES;
				INFOPLIST_FILE = StudyBook/Info.plist;
				INFOPLIST_KEY_UIApplicationSupportsIndirectInputEvents = YES;
				INFOPLIST_KEY_UILaunchStoryboardName = LaunchScreen;
				INFOPLIST_KEY_UIMainStoryboardFile = Main;
				INFOPLIST_KEY_UISupportedInterfaceOrientations_iPad = "UIInterfaceOrientationPortrait UIInterfaceOrientationPortraitUpsideDown UIInterfaceOrientationLandscapeLeft UIInterfaceOrientationLandscapeRight";
				INFOPLIST_KEY_UISupportedInterfaceOrientations_iPhone = "UIInterfaceOrientationPortrait UIInterfaceOrientationLandscapeLeft UIInterfaceOrientationLandscapeRight";
				LD_RUNPATH_SEARCH_PATHS = (
					"$(inherited)",
					"@executable_path/Frameworks",
				);
				MARKETING_VERSION = 1.0;
				PRODUCT_BUNDLE_IDENTIFIER = kr.co.geonhui.StudyBook;
				PRODUCT_NAME = "$(TARGET_NAME)";
				SWIFT_EMIT_LOC_STRINGS = YES;
				SWIFT_VERSION = 5.0;
				TARGETED_DEVICE_FAMILY = "1,2";
			};
			name = Release;
		};
		B678F4A52CCCDD9300F1D7AC /* Debug */ = {
			isa = XCBuildConfiguration;
			buildSettings = {
				ALWAYS_SEARCH_USER_PATHS = NO;
				ASSETCATALOG_COMPILER_GENERATE_SWIFT_ASSET_SYMBOL_EXTENSIONS = YES;
				CLANG_ANALYZER_NONNULL = YES;
				CLANG_ANALYZER_NUMBER_OBJECT_CONVERSION = YES_AGGRESSIVE;
				CLANG_CXX_LANGUAGE_STANDARD = "gnu++20";
				CLANG_ENABLE_MODULES = YES;
				CLANG_ENABLE_OBJC_ARC = YES;
				CLANG_ENABLE_OBJC_WEAK = YES;
				CLANG_WARN_BLOCK_CAPTURE_AUTORELEASING = YES;
				CLANG_WARN_BOOL_CONVERSION = YES;
				CLANG_WARN_COMMA = YES;
				CLANG_WARN_CONSTANT_CONVERSION = YES;
				CLANG_WARN_DEPRECATED_OBJC_IMPLEMENTATIONS = YES;
				CLANG_WARN_DIRECT_OBJC_ISA_USAGE = YES_ERROR;
				CLANG_WARN_DOCUMENTATION_COMMENTS = YES;
				CLANG_WARN_EMPTY_BODY = YES;
				CLANG_WARN_ENUM_CONVERSION = YES;
				CLANG_WARN_INFINITE_RECURSION = YES;
				CLANG_WARN_INT_CONVERSION = YES;
				CLANG_WARN_NON_LITERAL_NULL_CONVERSION = YES;
				CLANG_WARN_OBJC_IMPLICIT_RETAIN_SELF = YES;
				CLANG_WARN_OBJC_LITERAL_CONVERSION = YES;
				CLANG_WARN_OBJC_ROOT_CLASS = YES_ERROR;
				CLANG_WARN_QUOTED_INCLUDE_IN_FRAMEWORK_HEADER = YES;
				CLANG_WARN_RANGE_LOOP_ANALYSIS = YES;
				CLANG_WARN_STRICT_PROTOTYPES = YES;
				CLANG_WARN_SUSPICIOUS_MOVE = YES;
				CLANG_WARN_UNGUARDED_AVAILABILITY = YES_AGGRESSIVE;
				CLANG_WARN_UNREACHABLE_CODE = YES;
				CLANG_WARN__DUPLICATE_METHOD_MATCH = YES;
				COPY_PHASE_STRIP = NO;
				DEBUG_INFORMATION_FORMAT = dwarf;
				ENABLE_STRICT_OBJC_MSGSEND = YES;
				ENABLE_TESTABILITY = YES;
				ENABLE_USER_SCRIPT_SANDBOXING = YES;
				GCC_C_LANGUAGE_STANDARD = gnu17;
				GCC_DYNAMIC_NO_PIC = NO;
				GCC_NO_COMMON_BLOCKS = YES;
				GCC_OPTIMIZATION_LEVEL = 0;
				GCC_PREPROCESSOR_DEFINITIONS = (
					"DEBUG=1",
					"$(inherited)",
				);
				GCC_WARN_64_TO_32_BIT_CONVERSION = YES;
				GCC_WARN_ABOUT_RETURN_TYPE = YES_ERROR;
				GCC_WARN_UNDECLARED_SELECTOR = YES;
				GCC_WARN_UNINITIALIZED_AUTOS = YES_AGGRESSIVE;
				GCC_WARN_UNUSED_FUNCTION = YES;
				GCC_WARN_UNUSED_VARIABLE = YES;
				IPHONEOS_DEPLOYMENT_TARGET = 18.0;
				LOCALIZATION_PREFERS_STRING_CATALOGS = YES;
				MTL_ENABLE_DEBUG_INFO = INCLUDE_SOURCE;
				MTL_FAST_MATH = YES;
				ONLY_ACTIVE_ARCH = YES;
				SDKROOT = iphoneos;
				SWIFT_ACTIVE_COMPILATION_CONDITIONS = "DEBUG $(inherited)";
				SWIFT_OPTIMIZATION_LEVEL = "-Onone";
			};
			name = Debug;
		};
		B678F4A62CCCDD9300F1D7AC /* Release */ = {
			isa = XCBuildConfiguration;
			buildSettings = {
				ALWAYS_SEARCH_USER_PATHS = NO;
				ASSETCATALOG_COMPILER_GENERATE_SWIFT_ASSET_SYMBOL_EXTENSIONS = YES;
				CLANG_ANALYZER_NONNULL = YES;
				CLANG_ANALYZER_NUMBER_OBJECT_CONVERSION = YES_AGGRESSIVE;
				CLANG_CXX_LANGUAGE_STANDARD = "gnu++20";
				CLANG_ENABLE_MODULES = YES;
				CLANG_ENABLE_OBJC_ARC = YES;
				CLANG_ENABLE_OBJC_WEAK = YES;
				CLANG_WARN_BLOCK_CAPTURE_AUTORELEASING = YES;
				CLANG_WARN_BOOL_CONVERSION = YES;
				CLANG_WARN_COMMA = YES;
				CLANG_WARN_CONSTANT_CONVERSION = YES;
				CLANG_WARN_DEPRECATED_OBJC_IMPLEMENTATIONS = YES;
				CLANG_WARN_DIRECT_OBJC_ISA_USAGE = YES_ERROR;
				CLANG_WARN_DOCUMENTATION_COMMENTS = YES;
				CLANG_WARN_EMPTY_BODY = YES;
				CLANG_WARN_ENUM_CONVERSION = YES;
				CLANG_WARN_INFINITE_RECURSION = YES;
				CLANG_WARN_INT_CONVERSION = YES;
				CLANG_WARN_NON_LITERAL_NULL_CONVERSION = YES;
				CLANG_WARN_OBJC_IMPLICIT_RETAIN_SELF = YES;
				CLANG_WARN_OBJC_LITERAL_CONVERSION = YES;
				CLANG_WARN_OBJC_ROOT_CLASS = YES_ERROR;
				CLANG_WARN_QUOTED_INCLUDE_IN_FRAMEWORK_HEADER = YES;
				CLANG_WARN_RANGE_LOOP_ANALYSIS = YES;
				CLANG_WARN_STRICT_PROTOTYPES = YES;
				CLANG_WARN_SUSPICIOUS_MOVE = YES;
				CLANG_WARN_UNGUARDED_AVAILABILITY = YES_AGGRESSIVE;
				CLANG_WARN_UNREACHABLE_CODE = YES;
				CLANG_WARN__DUPLICATE_METHOD_MATCH = YES;
				COPY_PHASE_STRIP = NO;
				DEBUG_INFORMATION_FORMAT = "dwarf-with-dsym";
				ENABLE_NS_ASSERTIONS = NO;
				ENABLE_STRICT_OBJC_MSGSEND = YES;
				ENABLE_USER_SCRIPT_SANDBOXING = YES;
				GCC_C_LANGUAGE_STANDARD = gnu17;
				GCC_NO_COMMON_BLOCKS = YES;
				GCC_WARN_64_TO_32_BIT_CONVERSION = YES;
				GCC_WARN_ABOUT_RETURN_TYPE = YES_ERROR;
				GCC_WARN_UNDECLARED_SELECTOR = YES;
				GCC_WARN_UNINITIALIZED_AUTOS = YES_AGGRESSIVE;
				GCC_WARN_UNUSED_FUNCTION = YES;
				GCC_WARN_UNUSED_VARIABLE = YES;
				IPHONEOS_DEPLOYMENT_TARGET = 18.0;
				LOCALIZATION_PREFERS_STRING_CATALOGS = YES;
				MTL_ENABLE_DEBUG_INFO = NO;
				MTL_FAST_MATH = YES;
				SDKROOT = iphoneos;
				SWIFT_COMPILATION_MODE = wholemodule;
				VALIDATE_PRODUCT = YES;
			};
			name = Release;
		};
/* End XCBuildConfiguration section */

/* Begin XCConfigurationList section */
		B678F48A2CCCDD9200F1D7AC /* Build configuration list for PBXProject "StudyBook" */ = {
			isa = XCConfigurationList;
			buildConfigurations = (
				B678F4A52CCCDD9300F1D7AC /* Debug */,
				B678F4A62CCCDD9300F1D7AC /* Release */,
			);
			defaultConfigurationIsVisible = 0;
			defaultConfigurationName = Release;
		};
		B678F4A22CCCDD9300F1D7AC /* Build configuration list for PBXNativeTarget "StudyBook" */ = {
			isa = XCConfigurationList;
			buildConfigurations = (
				B678F4A32CCCDD9300F1D7AC /* Debug */,
				B678F4A42CCCDD9300F1D7AC /* Release */,
			);
			defaultConfigurationIsVisible = 0;
			defaultConfigurationName = Release;
		};
/* End XCConfigurationList section */

/* Begin XCRemoteSwiftPackageReference section */
		B678F5352CD1180E00F1D7AC /* XCRemoteSwiftPackageReference "Alamofire" */ = {
			isa = XCRemoteSwiftPackageReference;
			repositoryURL = "https://github.com/Alamofire/Alamofire.git";
			requirement = {
				kind = upToNextMajorVersion;
				minimumVersion = 5.10.1;
			};
		};
		B678F53A2CD1181A00F1D7AC /* XCRemoteSwiftPackageReference "Kingfisher" */ = {
			isa = XCRemoteSwiftPackageReference;
			repositoryURL = "https://github.com/onevcat/Kingfisher.git";
			requirement = {
				kind = upToNextMajorVersion;
				minimumVersion = 8.1.0;
			};
		};
		B678F53D2CD1182000F1D7AC /* XCRemoteSwiftPackageReference "SnapKit" */ = {
			isa = XCRemoteSwiftPackageReference;
			repositoryURL = "https://github.com/SnapKit/SnapKit.git";
			requirement = {
				kind = upToNextMajorVersion;
				minimumVersion = 5.7.1;
			};
		};
		B678F5422CD1183400F1D7AC /* XCRemoteSwiftPackageReference "RxSwift" */ = {
			isa = XCRemoteSwiftPackageReference;
			repositoryURL = "https://github.com/ReactiveX/RxSwift.git";
			requirement = {
				kind = upToNextMajorVersion;
				minimumVersion = 6.8.0;
			};
		};
/* End XCRemoteSwiftPackageReference section */

/* Begin XCSwiftPackageProductDependency section */
		B678F5362CD1180E00F1D7AC /* Alamofire */ = {
			isa = XCSwiftPackageProductDependency;
			package = B678F5352CD1180E00F1D7AC /* XCRemoteSwiftPackageReference "Alamofire" */;
			productName = Alamofire;
		};
		B678F5382CD1180E00F1D7AC /* AlamofireDynamic */ = {
			isa = XCSwiftPackageProductDependency;
			package = B678F5352CD1180E00F1D7AC /* XCRemoteSwiftPackageReference "Alamofire" */;
			productName = AlamofireDynamic;
		};
		B678F53B2CD1181A00F1D7AC /* Kingfisher */ = {
			isa = XCSwiftPackageProductDependency;
			package = B678F53A2CD1181A00F1D7AC /* XCRemoteSwiftPackageReference "Kingfisher" */;
			productName = Kingfisher;
		};
		B678F53E2CD1182000F1D7AC /* SnapKit */ = {
			isa = XCSwiftPackageProductDependency;
			package = B678F53D2CD1182000F1D7AC /* XCRemoteSwiftPackageReference "SnapKit" */;
			productName = SnapKit;
		};
		B678F5402CD1182000F1D7AC /* SnapKit-Dynamic */ = {
			isa = XCSwiftPackageProductDependency;
			package = B678F53D2CD1182000F1D7AC /* XCRemoteSwiftPackageReference "SnapKit" */;
			productName = "SnapKit-Dynamic";
		};
		B678F5432CD1183400F1D7AC /* RxCocoa */ = {
			isa = XCSwiftPackageProductDependency;
			package = B678F5422CD1183400F1D7AC /* XCRemoteSwiftPackageReference "RxSwift" */;
			productName = RxCocoa;
		};
		B678F5452CD1183400F1D7AC /* RxRelay */ = {
			isa = XCSwiftPackageProductDependency;
			package = B678F5422CD1183400F1D7AC /* XCRemoteSwiftPackageReference "RxSwift" */;
			productName = RxRelay;
		};
		B678F5472CD1183400F1D7AC /* RxSwift */ = {
			isa = XCSwiftPackageProductDependency;
			package = B678F5422CD1183400F1D7AC /* XCRemoteSwiftPackageReference "RxSwift" */;
			productName = RxSwift;
		};
/* End XCSwiftPackageProductDependency section */
	};
	rootObject = B678F4872CCCDD9200F1D7AC /* Project object */;
}
