// !$*UTF8*$!
{
	archiveVersion = 1;
	classes = {
	};
	objectVersion = 77;
	objects = {

/* Begin PBXBuildFile section */
		B6494F582CD2695E00EBB7C2 /* Alamofire in Frameworks */ = {isa = PBXBuildFile; productRef = B6494F572CD2695E00EBB7C2 /* Alamofire */; };
		B66BC7642CD3C11C00AA4AEC /* StudyBook.xcdatamodeld in Sources */ = {isa = PBXBuildFile; fileRef = B66BC7622CD3C11C00AA4AEC /* StudyBook.xcdatamodeld */; };
		B678F56B2CD2600300F1D7AC /* .gitignore in Resources */ = {isa = PBXBuildFile; fileRef = B678F56A2CD2600300F1D7AC /* .gitignore */; };
/* End PBXBuildFile section */

/* Begin PBXContainerItemProxy section */
		B6980B842CD8E0B8002BC6E1 /* PBXContainerItemProxy */ = {
			isa = PBXContainerItemProxy;
			containerPortal = B678F4872CCCDD9200F1D7AC /* Project object */;
			proxyType = 1;
			remoteGlobalIDString = B678F48E2CCCDD9200F1D7AC;
			remoteInfo = StudyBook;
		};
/* End PBXContainerItemProxy section */

/* Begin PBXFileReference section */
		B66BC7632CD3C11C00AA4AEC /* StudyBook.xcdatamodel */ = {isa = PBXFileReference; lastKnownFileType = wrapper.xcdatamodel; path = StudyBook.xcdatamodel; sourceTree = "<group>"; };
		B678F48F2CCCDD9200F1D7AC /* StudyBook.app */ = {isa = PBXFileReference; explicitFileType = wrapper.application; includeInIndex = 0; path = StudyBook.app; sourceTree = BUILT_PRODUCTS_DIR; };
		B678F56A2CD2600300F1D7AC /* .gitignore */ = {isa = PBXFileReference; lastKnownFileType = text; path = .gitignore; sourceTree = "<group>"; };
		B6980B802CD8E0B8002BC6E1 /* StudyBookTests.xctest */ = {isa = PBXFileReference; explicitFileType = wrapper.cfbundle; includeInIndex = 0; path = StudyBookTests.xctest; sourceTree = BUILT_PRODUCTS_DIR; };
/* End PBXFileReference section */

/* Begin PBXFileSystemSynchronizedBuildFileExceptionSet section */
		B678F4A12CCCDD9300F1D7AC /* Exceptions for "StudyBook" folder in "StudyBook" target */ = {
			isa = PBXFileSystemSynchronizedBuildFileExceptionSet;
			membershipExceptions = (
				Info.plist,
			);
			target = B678F48E2CCCDD9200F1D7AC /* StudyBook */;
		};
/* End PBXFileSystemSynchronizedBuildFileExceptionSet section */

/* Begin PBXFileSystemSynchronizedRootGroup section */
		B678F4912CCCDD9200F1D7AC /* StudyBook */ = {
			isa = PBXFileSystemSynchronizedRootGroup;
			exceptions = (
				B678F4A12CCCDD9300F1D7AC /* Exceptions for "StudyBook" folder in "StudyBook" target */,
			);
			path = StudyBook;
			sourceTree = "<group>";
		};
		B6980B812CD8E0B8002BC6E1 /* StudyBookTests */ = {
			isa = PBXFileSystemSynchronizedRootGroup;
			path = StudyBookTests;
			sourceTree = "<group>";
		};
/* End PBXFileSystemSynchronizedRootGroup section */

/* Begin PBXFrameworksBuildPhase section */
		B678F48C2CCCDD9200F1D7AC /* Frameworks */ = {
			isa = PBXFrameworksBuildPhase;
			buildActionMask = 2147483647;
			files = (
				B6494F582CD2695E00EBB7C2 /* Alamofire in Frameworks */,
			);
			runOnlyForDeploymentPostprocessing = 0;
		};
		B6980B7D2CD8E0B8002BC6E1 /* Frameworks */ = {
			isa = PBXFrameworksBuildPhase;
			buildActionMask = 2147483647;
			files = (
			);
			runOnlyForDeploymentPostprocessing = 0;
		};
/* End PBXFrameworksBuildPhase section */

/* Begin PBXGroup section */
		B678F4862CCCDD9200F1D7AC = {
			isa = PBXGroup;
			children = (
				B66BC7622CD3C11C00AA4AEC /* StudyBook.xcdatamodeld */,
				B678F56A2CD2600300F1D7AC /* .gitignore */,
				B678F4912CCCDD9200F1D7AC /* StudyBook */,
				B6980B812CD8E0B8002BC6E1 /* StudyBookTests */,
				B678F4902CCCDD9200F1D7AC /* Products */,
			);
			sourceTree = "<group>";
		};
		B678F4902CCCDD9200F1D7AC /* Products */ = {
			isa = PBXGroup;
			children = (
				B678F48F2CCCDD9200F1D7AC /* StudyBook.app */,
				B6980B802CD8E0B8002BC6E1 /* StudyBookTests.xctest */,
			);
			name = Products;
			sourceTree = "<group>";
		};
/* End PBXGroup section */

/* Begin PBXNativeTarget section */
		B678F48E2CCCDD9200F1D7AC /* StudyBook */ = {
			isa = PBXNativeTarget;
			buildConfigurationList = B678F4A22CCCDD9300F1D7AC /* Build configuration list for PBXNativeTarget "StudyBook" */;
			buildPhases = (
				B678F48B2CCCDD9200F1D7AC /* Sources */,
				B678F48C2CCCDD9200F1D7AC /* Frameworks */,
				B678F48D2CCCDD9200F1D7AC /* Resources */,
			);
			buildRules = (
			);
			dependencies = (
			);
			fileSystemSynchronizedGroups = (
				B678F4912CCCDD9200F1D7AC /* StudyBook */,
			);
			name = StudyBook;
			packageProductDependencies = (
				B6494F572CD2695E00EBB7C2 /* Alamofire */,
			);
			productName = StudyBook;
			productReference = B678F48F2CCCDD9200F1D7AC /* StudyBook.app */;
			productType = "com.apple.product-type.application";
		};
		B6980B7F2CD8E0B8002BC6E1 /* StudyBookTests */ = {
			isa = PBXNativeTarget;
			buildConfigurationList = B6980B862CD8E0B8002BC6E1 /* Build configuration list for PBXNativeTarget "StudyBookTests" */;
			buildPhases = (
				B6980B7C2CD8E0B8002BC6E1 /* Sources */,
				B6980B7D2CD8E0B8002BC6E1 /* Frameworks */,
				B6980B7E2CD8E0B8002BC6E1 /* Resources */,
			);
			buildRules = (
			);
			dependencies = (
				B6980B852CD8E0B8002BC6E1 /* PBXTargetDependency */,
			);
			fileSystemSynchronizedGroups = (
				B6980B812CD8E0B8002BC6E1 /* StudyBookTests */,
			);
			name = StudyBookTests;
			packageProductDependencies = (
			);
			productName = StudyBookTests;
			productReference = B6980B802CD8E0B8002BC6E1 /* StudyBookTests.xctest */;
			productType = "com.apple.product-type.bundle.unit-test";
		};
/* End PBXNativeTarget section */

/* Begin PBXProject section */
		B678F4872CCCDD9200F1D7AC /* Project object */ = {
			isa = PBXProject;
			attributes = {
				BuildIndependentTargetsInParallel = 1;
				LastSwiftUpdateCheck = 1600;
				LastUpgradeCheck = 1600;
				TargetAttributes = {
					B678F48E2CCCDD9200F1D7AC = {
						CreatedOnToolsVersion = 16.0;
					};
					B6980B7F2CD8E0B8002BC6E1 = {
						CreatedOnToolsVersion = 16.0;
						TestTargetID = B678F48E2CCCDD9200F1D7AC;
					};
				};
			};
			buildConfigurationList = B678F48A2CCCDD9200F1D7AC /* Build configuration list for PBXProject "StudyBook" */;
			developmentRegion = en;
			hasScannedForEncodings = 0;
			knownRegions = (
				en,
				Base,
			);
			mainGroup = B678F4862CCCDD9200F1D7AC;
			minimizedProjectReferenceProxies = 1;
			packageReferences = (
				B6494F562CD2695E00EBB7C2 /* XCRemoteSwiftPackageReference "Alamofire" */,
			);
			preferredProjectObjectVersion = 77;
			productRefGroup = B678F4902CCCDD9200F1D7AC /* Products */;
			projectDirPath = "";
			projectRoot = "";
			targets = (
				B678F48E2CCCDD9200F1D7AC /* StudyBook */,
				B6980B7F2CD8E0B8002BC6E1 /* StudyBookTests */,
			);
		};
/* End PBXProject section */

/* Begin PBXResourcesBuildPhase section */
		B678F48D2CCCDD9200F1D7AC /* Resources */ = {
			isa = PBXResourcesBuildPhase;
			buildActionMask = 2147483647;
			files = (
				B678F56B2CD2600300F1D7AC /* .gitignore in Resources */,
			);
			runOnlyForDeploymentPostprocessing = 0;
		};
		B6980B7E2CD8E0B8002BC6E1 /* Resources */ = {
			isa = PBXResourcesBuildPhase;
			buildActionMask = 2147483647;
			files = (
			);
			runOnlyForDeploymentPostprocessing = 0;
		};
/* End PBXResourcesBuildPhase section */

/* Begin PBXSourcesBuildPhase section */
		B678F48B2CCCDD9200F1D7AC /* Sources */ = {
			isa = PBXSourcesBuildPhase;
			buildActionMask = 2147483647;
			files = (
				B66BC7642CD3C11C00AA4AEC /* StudyBook.xcdatamodeld in Sources */,
			);
			runOnlyForDeploymentPostprocessing = 0;
		};
		B6980B7C2CD8E0B8002BC6E1 /* Sources */ = {
			isa = PBXSourcesBuildPhase;
			buildActionMask = 2147483647;
			files = (
			);
			runOnlyForDeploymentPostprocessing = 0;
		};
/* End PBXSourcesBuildPhase section */

/* Begin PBXTargetDependency section */
		B6980B852CD8E0B8002BC6E1 /* PBXTargetDependency */ = {
			isa = PBXTargetDependency;
			target = B678F48E2CCCDD9200F1D7AC /* StudyBook */;
			targetProxy = B6980B842CD8E0B8002BC6E1 /* PBXContainerItemProxy */;
		};
/* End PBXTargetDependency section */

/* Begin XCBuildConfiguration section */
		B678F4A32CCCDD9300F1D7AC /* Debug */ = {
			isa = XCBuildConfiguration;
			baseConfigurationReferenceAnchor = B678F4912CCCDD9200F1D7AC /* StudyBook */;
			baseConfigurationReferenceRelativePath = Secret.xcconfig;
			buildSettings = {
				ASSETCATALOG_COMPILER_APPICON_NAME = AppIcon;
				ASSETCATALOG_COMPILER_GLOBAL_ACCENT_COLOR_NAME = AccentColor;
				CODE_SIGN_STYLE = Automatic;
				CURRENT_PROJECT_VERSION = 1;
				DEVELOPMENT_TEAM = FWGZZW9F5T;
				GENERATE_INFOPLIST_FILE = YES;
				INFOPLIST_FILE = StudyBook/Info.plist;
				INFOPLIST_KEY_UIApplicationSupportsIndirectInputEvents = YES;
				INFOPLIST_KEY_UILaunchStoryboardName = LaunchScreen;
				INFOPLIST_KEY_UIMainStoryboardFile = Main;
				INFOPLIST_KEY_UISupportedInterfaceOrientations_iPad = "UIInterfaceOrientationPortrait UIInterfaceOrientationPortraitUpsideDown UIInterfaceOrientationLandscapeLeft UIInterfaceOrientationLandscapeRight";
				INFOPLIST_KEY_UISupportedInterfaceOrientations_iPhone = "UIInterfaceOrientationPortrait UIInterfaceOrientationLandscapeLeft UIInterfaceOrientationLandscapeRight";
				LD_RUNPATH_SEARCH_PATHS = (
					"$(inherited)",
					"@executable_path/Frameworks",
				);
				MARKETING_VERSION = 1.0;
				PRODUCT_BUNDLE_IDENTIFIER = kr.co.geonhui.StudyBook;
				PRODUCT_NAME = "$(TARGET_NAME)";
				SWIFT_EMIT_LOC_STRINGS = YES;
				SWIFT_VERSION = 5.0;
				TARGETED_DEVICE_FAMILY = "1,2";
			};
			name = Debug;
		};
		B678F4A42CCCDD9300F1D7AC /* Release */ = {
			isa = XCBuildConfiguration;
			baseConfigurationReferenceAnchor = B678F4912CCCDD9200F1D7AC /* StudyBook */;
			baseConfigurationReferenceRelativePath = Secret.xcconfig;
			buildSettings = {
				ASSETCATALOG_COMPILER_APPICON_NAME = AppIcon;
				ASSETCATALOG_COMPILER_GLOBAL_ACCENT_COLOR_NAME = AccentColor;
				CODE_SIGN_STYLE = Automatic;
				CURRENT_PROJECT_VERSION = 1;
				DEVELOPMENT_TEAM = FWGZZW9F5T;
				GENERATE_INFOPLIST_FILE = YES;
				INFOPLIST_FILE = StudyBook/Info.plist;
				INFOPLIST_KEY_UIApplicationSupportsIndirectInputEvents = YES;
				INFOPLIST_KEY_UILaunchStoryboardName = LaunchScreen;
				INFOPLIST_KEY_UIMainStoryboardFile = Main;
				INFOPLIST_KEY_UISupportedInterfaceOrientations_iPad = "UIInterfaceOrientationPortrait UIInterfaceOrientationPortraitUpsideDown UIInterfaceOrientationLandscapeLeft UIInterfaceOrientationLandscapeRight";
				INFOPLIST_KEY_UISupportedInterfaceOrientations_iPhone = "UIInterfaceOrientationPortrait UIInterfaceOrientationLandscapeLeft UIInterfaceOrientationLandscapeRight";
				LD_RUNPATH_SEARCH_PATHS = (
					"$(inherited)",
					"@executable_path/Frameworks",
				);
				MARKETING_VERSION = 1.0;
				PRODUCT_BUNDLE_IDENTIFIER = kr.co.geonhui.StudyBook;
				PRODUCT_NAME = "$(TARGET_NAME)";
				SWIFT_EMIT_LOC_STRINGS = YES;
				SWIFT_VERSION = 5.0;
				TARGETED_DEVICE_FAMILY = "1,2";
			};
			name = Release;
		};
		B678F4A52CCCDD9300F1D7AC /* Debug */ = {
			isa = XCBuildConfiguration;
			baseConfigurationReferenceAnchor = B678F4912CCCDD9200F1D7AC /* StudyBook */;
			baseConfigurationReferenceRelativePath = Secret.xcconfig;
			buildSettings = {
				ALWAYS_SEARCH_USER_PATHS = NO;
				ASSETCATALOG_COMPILER_GENERATE_SWIFT_ASSET_SYMBOL_EXTENSIONS = YES;
				CLANG_ANALYZER_NONNULL = YES;
				CLANG_ANALYZER_NUMBER_OBJECT_CONVERSION = YES_AGGRESSIVE;
				CLANG_CXX_LANGUAGE_STANDARD = "gnu++20";
				CLANG_ENABLE_MODULES = YES;
				CLANG_ENABLE_OBJC_ARC = YES;
				CLANG_ENABLE_OBJC_WEAK = YES;
				CLANG_WARN_BLOCK_CAPTURE_AUTORELEASING = YES;
				CLANG_WARN_BOOL_CONVERSION = YES;
				CLANG_WARN_COMMA = YES;
				CLANG_WARN_CONSTANT_CONVERSION = YES;
				CLANG_WARN_DEPRECATED_OBJC_IMPLEMENTATIONS = YES;
				CLANG_WARN_DIRECT_OBJC_ISA_USAGE = YES_ERROR;
				CLANG_WARN_DOCUMENTATION_COMMENTS = YES;
				CLANG_WARN_EMPTY_BODY = YES;
				CLANG_WARN_ENUM_CONVERSION = YES;
				CLANG_WARN_INFINITE_RECURSION = YES;
				CLANG_WARN_INT_CONVERSION = YES;
				CLANG_WARN_NON_LITERAL_NULL_CONVERSION = YES;
				CLANG_WARN_OBJC_IMPLICIT_RETAIN_SELF = YES;
				CLANG_WARN_OBJC_LITERAL_CONVERSION = YES;
				CLANG_WARN_OBJC_ROOT_CLASS = YES_ERROR;
				CLANG_WARN_QUOTED_INCLUDE_IN_FRAMEWORK_HEADER = YES;
				CLANG_WARN_RANGE_LOOP_ANALYSIS = YES;
				CLANG_WARN_STRICT_PROTOTYPES = YES;
				CLANG_WARN_SUSPICIOUS_MOVE = YES;
				CLANG_WARN_UNGUARDED_AVAILABILITY = YES_AGGRESSIVE;
				CLANG_WARN_UNREACHABLE_CODE = YES;
				CLANG_WARN__DUPLICATE_METHOD_MATCH = YES;
				COPY_PHASE_STRIP = NO;
				DEBUG_INFORMATION_FORMAT = dwarf;
				ENABLE_STRICT_OBJC_MSGSEND = YES;
				ENABLE_TESTABILITY = YES;
				ENABLE_USER_SCRIPT_SANDBOXING = YES;
				GCC_C_LANGUAGE_STANDARD = gnu17;
				GCC_DYNAMIC_NO_PIC = NO;
				GCC_NO_COMMON_BLOCKS = YES;
				GCC_OPTIMIZATION_LEVEL = 0;
				GCC_PREPROCESSOR_DEFINITIONS = (
					"DEBUG=1",
					"$(inherited)",
				);
				GCC_WARN_64_TO_32_BIT_CONVERSION = YES;
				GCC_WARN_ABOUT_RETURN_TYPE = YES_ERROR;
				GCC_WARN_UNDECLARED_SELECTOR = YES;
				GCC_WARN_UNINITIALIZED_AUTOS = YES_AGGRESSIVE;
				GCC_WARN_UNUSED_FUNCTION = YES;
				GCC_WARN_UNUSED_VARIABLE = YES;
				IPHONEOS_DEPLOYMENT_TARGET = 18.0;
				LOCALIZATION_PREFERS_STRING_CATALOGS = YES;
				MTL_ENABLE_DEBUG_INFO = INCLUDE_SOURCE;
				MTL_FAST_MATH = YES;
				ONLY_ACTIVE_ARCH = YES;
				SDKROOT = iphoneos;
				SWIFT_ACTIVE_COMPILATION_CONDITIONS = "DEBUG $(inherited)";
				SWIFT_OPTIMIZATION_LEVEL = "-Onone";
			};
			name = Debug;
		};
		B678F4A62CCCDD9300F1D7AC /* Release */ = {
			isa = XCBuildConfiguration;
			baseConfigurationReferenceAnchor = B678F4912CCCDD9200F1D7AC /* StudyBook */;
			baseConfigurationReferenceRelativePath = Secret.xcconfig;
			buildSettings = {
				ALWAYS_SEARCH_USER_PATHS = NO;
				ASSETCATALOG_COMPILER_GENERATE_SWIFT_ASSET_SYMBOL_EXTENSIONS = YES;
				CLANG_ANALYZER_NONNULL = YES;
				CLANG_ANALYZER_NUMBER_OBJECT_CONVERSION = YES_AGGRESSIVE;
				CLANG_CXX_LANGUAGE_STANDARD = "gnu++20";
				CLANG_ENABLE_MODULES = YES;
				CLANG_ENABLE_OBJC_ARC = YES;
				CLANG_ENABLE_OBJC_WEAK = YES;
				CLANG_WARN_BLOCK_CAPTURE_AUTORELEASING = YES;
				CLANG_WARN_BOOL_CONVERSION = YES;
				CLANG_WARN_COMMA = YES;
				CLANG_WARN_CONSTANT_CONVERSION = YES;
				CLANG_WARN_DEPRECATED_OBJC_IMPLEMENTATIONS = YES;
				CLANG_WARN_DIRECT_OBJC_ISA_USAGE = YES_ERROR;
				CLANG_WARN_DOCUMENTATION_COMMENTS = YES;
				CLANG_WARN_EMPTY_BODY = YES;
				CLANG_WARN_ENUM_CONVERSION = YES;
				CLANG_WARN_INFINITE_RECURSION = YES;
				CLANG_WARN_INT_CONVERSION = YES;
				CLANG_WARN_NON_LITERAL_NULL_CONVERSION = YES;
				CLANG_WARN_OBJC_IMPLICIT_RETAIN_SELF = YES;
				CLANG_WARN_OBJC_LITERAL_CONVERSION = YES;
				CLANG_WARN_OBJC_ROOT_CLASS = YES_ERROR;
				CLANG_WARN_QUOTED_INCLUDE_IN_FRAMEWORK_HEADER = YES;
				CLANG_WARN_RANGE_LOOP_ANALYSIS = YES;
				CLANG_WARN_STRICT_PROTOTYPES = YES;
				CLANG_WARN_SUSPICIOUS_MOVE = YES;
				CLANG_WARN_UNGUARDED_AVAILABILITY = YES_AGGRESSIVE;
				CLANG_WARN_UNREACHABLE_CODE = YES;
				CLANG_WARN__DUPLICATE_METHOD_MATCH = YES;
				COPY_PHASE_STRIP = NO;
				DEBUG_INFORMATION_FORMAT = "dwarf-with-dsym";
				ENABLE_NS_ASSERTIONS = NO;
				ENABLE_STRICT_OBJC_MSGSEND = YES;
				ENABLE_USER_SCRIPT_SANDBOXING = YES;
				GCC_C_LANGUAGE_STANDARD = gnu17;
				GCC_NO_COMMON_BLOCKS = YES;
				GCC_WARN_64_TO_32_BIT_CONVERSION = YES;
				GCC_WARN_ABOUT_RETURN_TYPE = YES_ERROR;
				GCC_WARN_UNDECLARED_SELECTOR = YES;
				GCC_WARN_UNINITIALIZED_AUTOS = YES_AGGRESSIVE;
				GCC_WARN_UNUSED_FUNCTION = YES;
				GCC_WARN_UNUSED_VARIABLE = YES;
				IPHONEOS_DEPLOYMENT_TARGET = 18.0;
				LOCALIZATION_PREFERS_STRING_CATALOGS = YES;
				MTL_ENABLE_DEBUG_INFO = NO;
				MTL_FAST_MATH = YES;
				SDKROOT = iphoneos;
				SWIFT_COMPILATION_MODE = wholemodule;
				VALIDATE_PRODUCT = YES;
			};
			name = Release;
		};
		B6980B872CD8E0B8002BC6E1 /* Debug */ = {
			isa = XCBuildConfiguration;
			buildSettings = {
				BUNDLE_LOADER = "$(TEST_HOST)";
				CODE_SIGN_STYLE = Automatic;
				CURRENT_PROJECT_VERSION = 1;
				DEVELOPMENT_TEAM = FWGZZW9F5T;
				GENERATE_INFOPLIST_FILE = YES;
				MARKETING_VERSION = 1.0;
				PRODUCT_BUNDLE_IDENTIFIER = kr.co.geonhui.StudyBookTests;
				PRODUCT_NAME = "$(TARGET_NAME)";
				SWIFT_EMIT_LOC_STRINGS = NO;
				SWIFT_VERSION = 5.0;
				TARGETED_DEVICE_FAMILY = "1,2";
				TEST_HOST = "$(BUILT_PRODUCTS_DIR)/StudyBook.app/$(BUNDLE_EXECUTABLE_FOLDER_PATH)/StudyBook";
			};
			name = Debug;
		};
		B6980B882CD8E0B8002BC6E1 /* Release */ = {
			isa = XCBuildConfiguration;
			buildSettings = {
				BUNDLE_LOADER = "$(TEST_HOST)";
				CODE_SIGN_STYLE = Automatic;
				CURRENT_PROJECT_VERSION = 1;
				DEVELOPMENT_TEAM = FWGZZW9F5T;
				GENERATE_INFOPLIST_FILE = YES;
				MARKETING_VERSION = 1.0;
				PRODUCT_BUNDLE_IDENTIFIER = kr.co.geonhui.StudyBookTests;
				PRODUCT_NAME = "$(TARGET_NAME)";
				SWIFT_EMIT_LOC_STRINGS = NO;
				SWIFT_VERSION = 5.0;
				TARGETED_DEVICE_FAMILY = "1,2";
				TEST_HOST = "$(BUILT_PRODUCTS_DIR)/StudyBook.app/$(BUNDLE_EXECUTABLE_FOLDER_PATH)/StudyBook";
			};
			name = Release;
		};
/* End XCBuildConfiguration section */

/* Begin XCConfigurationList section */
		B678F48A2CCCDD9200F1D7AC /* Build configuration list for PBXProject "StudyBook" */ = {
			isa = XCConfigurationList;
			buildConfigurations = (
				B678F4A52CCCDD9300F1D7AC /* Debug */,
				B678F4A62CCCDD9300F1D7AC /* Release */,
			);
			defaultConfigurationIsVisible = 0;
			defaultConfigurationName = Release;
		};
		B678F4A22CCCDD9300F1D7AC /* Build configuration list for PBXNativeTarget "StudyBook" */ = {
			isa = XCConfigurationList;
			buildConfigurations = (
				B678F4A32CCCDD9300F1D7AC /* Debug */,
				B678F4A42CCCDD9300F1D7AC /* Release */,
			);
			defaultConfigurationIsVisible = 0;
			defaultConfigurationName = Release;
		};
		B6980B862CD8E0B8002BC6E1 /* Build configuration list for PBXNativeTarget "StudyBookTests" */ = {
			isa = XCConfigurationList;
			buildConfigurations = (
				B6980B872CD8E0B8002BC6E1 /* Debug */,
				B6980B882CD8E0B8002BC6E1 /* Release */,
			);
			defaultConfigurationIsVisible = 0;
			defaultConfigurationName = Release;
		};
/* End XCConfigurationList section */

/* Begin XCRemoteSwiftPackageReference section */
		B6494F562CD2695E00EBB7C2 /* XCRemoteSwiftPackageReference "Alamofire" */ = {
			isa = XCRemoteSwiftPackageReference;
			repositoryURL = "https://github.com/Alamofire/Alamofire.git";
			requirement = {
				kind = upToNextMajorVersion;
				minimumVersion = 5.10.1;
			};
		};
/* End XCRemoteSwiftPackageReference section */

/* Begin XCSwiftPackageProductDependency section */
		B6494F572CD2695E00EBB7C2 /* Alamofire */ = {
			isa = XCSwiftPackageProductDependency;
			package = B6494F562CD2695E00EBB7C2 /* XCRemoteSwiftPackageReference "Alamofire" */;
			productName = Alamofire;
		};
/* End XCSwiftPackageProductDependency section */

/* Begin XCVersionGroup section */
		B66BC7622CD3C11C00AA4AEC /* StudyBook.xcdatamodeld */ = {
			isa = XCVersionGroup;
			children = (
				B66BC7632CD3C11C00AA4AEC /* StudyBook.xcdatamodel */,
			);
			currentVersion = B66BC7632CD3C11C00AA4AEC /* StudyBook.xcdatamodel */;
			path = StudyBook.xcdatamodeld;
			sourceTree = "<group>";
			versionGroupType = wrapper.xcdatamodel;
		};
/* End XCVersionGroup section */
	};
	rootObject = B678F4872CCCDD9200F1D7AC /* Project object */;
}
